{
  "originHash" : "f57bcbe61b93e15241e90cb40750c5c68ec7ee5ba4bf853de4ed391c9f0a7ad5",
  "pins" : [
    {
      "identity" : "google-maps-ios-utils",
      "kind" : "remoteSourceControl",
      "location" : "https://github.com/googlemaps/google-maps-ios-utils",
      "state" : {
        "revision" : "3234152e287e3593412e0c9ae72fc7b6cad2aec6",
        "version" : "6.0.0"
      }
    },
    {
      "identity" : "ios-maps-sdk",
      "kind" : "remoteSourceControl",
      "location" : "https://github.com/googlemaps/ios-maps-sdk",
      "state" : {
        "revision" : "9a047386dc75d576fc93b82ac5890f88e31dd1d6",
        "version" : "9.1.0"
      }
    }
  ],
  "version" : 3
}
